
Microsoft Visual Studio Solution File, Format Version 12.00
# Visual Studio Version 17
VisualStudioVersion = 17.9.34728.123
MinimumVisualStudioVersion = 10.0.40219.1
Project("{FAE04EC0-301F-11D3-BF4B-00C04F79EFBC}") = "WindowsFormsApp1", "WindowsFormsApp1\WindowsFormsApp1.csproj", "{52245072-6981-4E2A-BE78-8253C6C391E7}"
EndProject
Global
	GlobalSection(SolutionConfigurationPlatforms) = preSolution
		Debug|Any CPU = Debug|Any CPU
		Release|Any CPU = Release|Any CPU
	EndGlobalSection
	GlobalSection(ProjectConfigurationPlatforms) = postSolution
		{52245072-6981-4E2A-BE78-8253C6C391E7}.Debug|Any CPU.ActiveCfg = Debug|Any CPU
		{52245072-6981-4E2A-BE78-8253C6C391E7}.Debug|Any CPU.Build.0 = Debug|Any CPU
		{52245072-6981-4E2A-BE78-8253C6C391E7}.Release|Any CPU.ActiveCfg = Release|Any CPU
		{52245072-6981-4E2A-BE78-8253C6C391E7}.Release|Any CPU.Build.0 = Release|Any CPU
	EndGlobalSection
	GlobalSection(SolutionProperties) = preSolution
		HideSolutionNode = FALSE
	EndGlobalSection
	GlobalSection(ExtensibilityGlobals) = postSolution
		SolutionGuid = {7C605522-015F-4793-9591-70F655244541}
	EndGlobalSection
EndGlobal
